{
  "name": "constant-deposit-lottery",
  "version": "1.0.0",
  "lockfileVersion": 2,
  "requires": true,
  "packages": {
    "": {
      "name": "constant-deposit-lottery",
      "version": "1.0.0",
      "license": "ISC",
      "dependencies": {
        "co": "^4.6.0",
        "co-prompt": "^1.0.0",
        "commander": "^2.9.0",
        "dateformat": "^2.0.0",
        "fs": "^0.0.1-security",
        "js-sha3": "^0.9.3",
        "left-pad": "^1.1.3",
        "require": "^2.4.20",
        "web3": "^0.17.0-beta",
        "winston": "^2.3.0"
      },
      "bin": {
        "lottery": "index.js"
      },
      "devDependencies": {}
    },
    "node_modules/amdefine": {
      "version": "1.0.1",
      "resolved": "https://registry.npmjs.org/amdefine/-/amdefine-1.0.1.tgz",
      "integrity": "sha512-S2Hw0TtNkMJhIabBwIojKL9YHO5T0n5eNqWJ7Lrlel/zDbftQpxpapi8tZs3X1HWa+u+QeydGmzzNU0m09+Rcg==",
      "engines": {
        "node": ">=0.4.2"
      }
    },
    "node_modules/async": {
      "version": "0.2.10",
      "resolved": "https://registry.npmjs.org/async/-/async-0.2.10.tgz",
      "integrity": "sha512-eAkdoKxU6/LkKDBzLpT+t6Ff5EtfSF4wx1WfJiPEEV7WNLnDaRXk0oVysiEPm262roaachGexwUv94WhSgN5TQ=="
    },
    "node_modules/bignumber.js": {
      "version": "2.0.7",
      "resolved": "git+ssh://git@github.com/debris/bignumber.js.git#94d7146671b9719e00a09c29b01a691bc85048c2",
      "integrity": "sha512-k55rLoPK7DNCwjO/+Esh5n3lNF+lKwzfIIak1alqxXhrXsInC69JJKwEjAyCB8+IehSFkObzxzzu9URR+Q4pyA==",
      "license": "MIT",
      "engines": {
        "node": "*"
      }
    },
    "node_modules/co": {
      "version": "4.6.0",
      "resolved": "https://registry.npmjs.org/co/-/co-4.6.0.tgz",
      "integrity": "sha512-QVb0dM5HvG+uaxitm8wONl7jltx8dqhfU33DcqtOZcLSVIKSDDLDi7+0LbAKiyI8hD9u42m2YxXSkMGWThaecQ==",
      "engines": {
        "iojs": ">= 1.0.0",
        "node": ">= 0.12.0"
      }
    },
    "node_modules/co-prompt": {
      "version": "1.0.0",
      "resolved": "https://registry.npmjs.org/co-prompt/-/co-prompt-1.0.0.tgz",
      "integrity": "sha512-uKmEbjDnL9SJTb+TNfIFsATe1F3IsNsR7KDGUG1hq7ColkMV0MSn7dg3eKVS+3wwtyvVqrgfIwi39NOJiknO7Q==",
      "dependencies": {
        "keypress": "~0.2.1"
      }
    },
    "node_modules/colors": {
      "version": "1.0.3",
      "resolved": "https://registry.npmjs.org/colors/-/colors-1.0.3.tgz",
      "integrity": "sha512-pFGrxThWcWQ2MsAz6RtgeWe4NK2kUE1WfsrvvlctdII745EW9I0yflqhe7++M5LEc7bV2c/9/5zc8sFcpL0Drw==",
      "engines": {
        "node": ">=0.1.90"
      }
    },
    "node_modules/commander": {
      "version": "2.20.3",
      "resolved": "https://registry.npmjs.org/commander/-/commander-2.20.3.tgz",
      "integrity": "sha512-GpVkmM8vF2vQUkj2LvZmD35JxeJOLCwJ9cUkugyk2nuhbv3+mJvpLYYt+0+USMxE+oj+ey/lJEnhZw75x/OMcQ=="
    },
    "node_modules/crypto-js": {
      "version": "3.3.0",
      "resolved": "https://registry.npmjs.org/crypto-js/-/crypto-js-3.3.0.tgz",
      "integrity": "sha512-DIT51nX0dCfKltpRiXV+/TVZq+Qq2NgF4644+K7Ttnla7zEzqc+kjJyiB96BHNyUTBxyjzRcZYpUdZa+QAqi6Q=="
    },
    "node_modules/cycle": {
      "version": "1.0.3",
      "resolved": "https://registry.npmjs.org/cycle/-/cycle-1.0.3.tgz",
      "integrity": "sha512-TVF6svNzeQCOpjCqsy0/CSy8VgObG3wXusJ73xW2GbG5rGx7lC8zxDSURicsXI2UsGdi2L0QNRCi745/wUDvsA==",
      "engines": {
        "node": ">=0.4.0"
      }
    },
    "node_modules/dateformat": {
      "version": "2.2.0",
      "resolved": "https://registry.npmjs.org/dateformat/-/dateformat-2.2.0.tgz",
      "integrity": "sha512-GODcnWq3YGoTnygPfi02ygEiRxqUxpJwuRHjdhJYuxpcZmDq4rjBiXYmbCCzStxo176ixfLT6i4NPwQooRySnw==",
      "engines": {
        "node": "*"
      }
    },
    "node_modules/eyes": {
      "version": "0.1.8",
      "resolved": "https://registry.npmjs.org/eyes/-/eyes-0.1.8.tgz",
      "integrity": "sha512-GipyPsXO1anza0AOZdy69Im7hGFCNB7Y/NGjDlZGJ3GJJLtwNSb2vrzYrTYJRrRloVx7pl+bhUaTB8yiccPvFQ==",
      "engines": {
        "node": "> 0.1.90"
      }
    },
    "node_modules/fs": {
      "version": "0.0.1-security",
      "resolved": "https://registry.npmjs.org/fs/-/fs-0.0.1-security.tgz",
      "integrity": "sha512-3XY9e1pP0CVEUCdj5BmfIZxRBTSDycnbqhIOGec9QYtmVH2fbLpj86CFWkrNOkt/Fvty4KZG5lTglL9j/gJ87w=="
    },
    "node_modules/isstream": {
      "version": "0.1.2",
      "resolved": "https://registry.npmjs.org/isstream/-/isstream-0.1.2.tgz",
      "integrity": "sha512-Yljz7ffyPbrLpLngrMtZ7NduUgVvi6wG9RJ9IUcyCd59YQ911PBJphODUcbOVbqYfxe1wuYf/LJ8PauMRwsM/g=="
    },
    "node_modules/js-sha3": {
      "version": "0.9.3",
      "resolved": "https://registry.npmjs.org/js-sha3/-/js-sha3-0.9.3.tgz",
      "integrity": "sha512-BcJPCQeLg6WjEx3FE591wVAevlli8lxsxm9/FzV4HXkV49TmBH38Yvrpce6fjbADGMKFrBMGTqrVz3qPIZ88Gg==",
      "license": "MIT"
    },
    "node_modules/keypress": {
      "version": "0.2.1",
      "resolved": "https://registry.npmjs.org/keypress/-/keypress-0.2.1.tgz",
      "integrity": "sha512-HjorDJFNhnM4SicvaUXac0X77NiskggxJdesG72+O5zBKpSqKFCrqmndKVqpu3pFqkla0St6uGk8Ju0sCurrmg=="
    },
    "node_modules/left-pad": {
      "version": "1.3.0",
      "resolved": "https://registry.npmjs.org/left-pad/-/left-pad-1.3.0.tgz",
      "integrity": "sha512-XI5MPzVNApjAyhQzphX8BkmKsKUxD4LdyK24iZeQGinBN9yTQT3bFlCBy/aVx2HrNcqQGsdot8ghrjyrvMCoEA==",
      "deprecated": "use String.prototype.padStart()"
    },
    "node_modules/lodash": {
      "version": "4.17.21",
      "resolved": "https://registry.npmjs.org/lodash/-/lodash-4.17.21.tgz",
      "integrity": "sha512-v2kDEe57lecTulaDIuNTPy3Ry4gLGJ6Z1O3vE1krgXZNrsQ+LFTGHVxVjcXPs17LhbZVGedAJv8XZ1tvj5FvSg=="
    },
    "node_modules/optimist": {
      "version": "0.3.7",
      "resolved": "https://registry.npmjs.org/optimist/-/optimist-0.3.7.tgz",
      "integrity": "sha512-TCx0dXQzVtSCg2OgY/bO9hjM9cV4XYx09TVK+s3+FhkjT6LovsLe+pPMzpWf+6yXK/hUizs2gUoTw3jHM0VaTQ==",
      "dependencies": {
        "wordwrap": "~0.0.2"
      }
    },
    "node_modules/require": {
      "version": "2.4.20",
      "resolved": "https://registry.npmjs.org/require/-/require-2.4.20.tgz",
      "integrity": "sha512-7eop5rvh38qhQQQOoUyf68meVIcxT2yFySNywTbxoEECgkX4KDqqDRaEszfvFnuB3fuZVjDdJZ1TI/Esr16RRA==",
      "dependencies": {
        "std": "0.1.40",
        "uglify-js": "2.3.0"
      },
      "bin": {
        "require": "bin/require-command.js"
      },
      "engines": {
        "browsers": "*",
        "node": "*"
      }
    },
    "node_modules/source-map": {
      "version": "0.1.43",
      "resolved": "https://registry.npmjs.org/source-map/-/source-map-0.1.43.tgz",
      "integrity": "sha512-VtCvB9SIQhk3aF6h+N85EaqIaBFIAfZ9Cu+NJHHVvc8BbEcnvDcFw6sqQ2dQrT6SlOrZq3tIvyD9+EGq/lJryQ==",
      "dependencies": {
        "amdefine": ">=0.0.4"
      },
      "engines": {
        "node": ">=0.8.0"
      }
    },
    "node_modules/stack-trace": {
      "version": "0.0.10",
      "resolved": "https://registry.npmjs.org/stack-trace/-/stack-trace-0.0.10.tgz",
      "integrity": "sha512-KGzahc7puUKkzyMt+IqAep+TVNbKP+k2Lmwhub39m1AsTSkaDutx56aDCo+HLDzf/D26BIHTJWNiTG1KAJiQCg==",
      "engines": {
        "node": "*"
      }
    },
    "node_modules/std": {
      "version": "0.1.40",
      "resolved": "https://registry.npmjs.org/std/-/std-0.1.40.tgz",
      "integrity": "sha512-wUf57hkDGCoVShrhPA8Q7lAg2Qosk+FaMlECmAsr1A4/rL2NRXFHQGBcgMUFKVkPEemJFW9gzjCQisRty14ohg==",
      "engines": {
        "node": "*"
      }
    },
    "node_modules/uglify-js": {
      "version": "2.3.0",
      "resolved": "https://registry.npmjs.org/uglify-js/-/uglify-js-2.3.0.tgz",
      "integrity": "sha512-AQvbxRKdaQeYADywQaao0k8Tj+7NGEVTne6xwgX1yQpv/G8b0CKdIw70HkCptwfvNGDsVe+0Bng3U9hfWbxxfg==",
      "dependencies": {
        "async": "~0.2.6",
        "optimist": "~0.3.5",
        "source-map": "~0.1.7"
      },
      "bin": {
        "uglifyjs": "bin/uglifyjs"
      },
      "engines": {
        "node": ">=0.4.0"
      }
    },
    "node_modules/utf8": {
      "version": "2.1.2",
      "resolved": "https://registry.npmjs.org/utf8/-/utf8-2.1.2.tgz",
      "integrity": "sha512-QXo+O/QkLP/x1nyi54uQiG0XrODxdysuQvE5dtVqv7F5K2Qb6FsN+qbr6KhF5wQ20tfcV3VQp0/2x1e1MRSPWg=="
    },
    "node_modules/web3": {
      "version": "0.17.0-beta",
      "resolved": "https://registry.npmjs.org/web3/-/web3-0.17.0-beta.tgz",
      "integrity": "sha512-uMpTZm6c3CKjc+vMHqt2s0d7PXj71yQ5cNqEgETp9kEr9rKtUDgvYIH2j8xOT92txw5iYdgTVra3+eRyKUbZUg==",
      "dependencies": {
        "bignumber.js": "git+https://github.com/debris/bignumber.js.git#94d7146671b9719e00a09c29b01a691bc85048c2",
        "crypto-js": "^3.1.4",
        "utf8": "^2.1.1",
        "xmlhttprequest": "*"
      }
    },
    "node_modules/winston": {
      "version": "2.4.7",
      "resolved": "https://registry.npmjs.org/winston/-/winston-2.4.7.tgz",
      "integrity": "sha512-vLB4BqzCKDnnZH9PHGoS2ycawueX4HLqENXQitvFHczhgW2vFpSOn31LZtVr1KU8YTw7DS4tM+cqyovxo8taVg==",
      "dependencies": {
        "async": "^2.6.4",
        "colors": "1.0.x",
        "cycle": "1.0.x",
        "eyes": "0.1.x",
        "isstream": "0.1.x",
        "stack-trace": "0.0.x"
      },
      "engines": {
        "node": ">= 0.10.0"
      }
    },
    "node_modules/winston/node_modules/async": {
      "version": "2.6.4",
      "resolved": "https://registry.npmjs.org/async/-/async-2.6.4.tgz",
      "integrity": "sha512-mzo5dfJYwAn29PeiJ0zvwTo04zj8HDJj0Mn8TD7sno7q12prdbnasKJHhkm2c1LgrhlJ0teaea8860oxi51mGA==",
      "dependencies": {
        "lodash": "^4.17.14"
      }
    },
    "node_modules/wordwrap": {
      "version": "0.0.3",
      "resolved": "https://registry.npmjs.org/wordwrap/-/wordwrap-0.0.3.tgz",
      "integrity": "sha512-1tMA907+V4QmxV7dbRvb4/8MaRALK6q9Abid3ndMYnbyo8piisCmeONVqVSXqQA3KaP4SLt5b7ud6E2sqP8TFw==",
      "engines": {
        "node": ">=0.4.0"
      }
    },
    "node_modules/xmlhttprequest": {
      "version": "1.8.0",
      "resolved": "https://registry.npmjs.org/xmlhttprequest/-/xmlhttprequest-1.8.0.tgz",
      "integrity": "sha512-58Im/U0mlVBLM38NdZjHyhuMtCqa61469k2YP/AaPbvCoV9aQGUpbJBj1QRm2ytRiVQBD/fsw7L2bJGDVQswBA==",
      "engines": {
        "node": ">=0.4.0"
      }
    }
  },
  "dependencies": {
    "amdefine": {
      "version": "1.0.1",
      "resolved": "https://registry.npmjs.org/amdefine/-/amdefine-1.0.1.tgz",
      "integrity": "sha512-S2Hw0TtNkMJhIabBwIojKL9YHO5T0n5eNqWJ7Lrlel/zDbftQpxpapi8tZs3X1HWa+u+QeydGmzzNU0m09+Rcg=="
    },
    "async": {
      "version": "0.2.10",
      "resolved": "https://registry.npmjs.org/async/-/async-0.2.10.tgz",
      "integrity": "sha512-eAkdoKxU6/LkKDBzLpT+t6Ff5EtfSF4wx1WfJiPEEV7WNLnDaRXk0oVysiEPm262roaachGexwUv94WhSgN5TQ=="
    },
    "bignumber.js": {
      "version": "git+ssh://git@github.com/debris/bignumber.js.git#94d7146671b9719e00a09c29b01a691bc85048c2",
      "integrity": "sha512-k55rLoPK7DNCwjO/+Esh5n3lNF+lKwzfIIak1alqxXhrXsInC69JJKwEjAyCB8+IehSFkObzxzzu9URR+Q4pyA==",
      "from": "bignumber.js@git+https://github.com/debris/bignumber.js.git#94d7146671b9719e00a09c29b01a691bc85048c2"
    },
    "co": {
      "version": "4.6.0",
      "resolved": "https://registry.npmjs.org/co/-/co-4.6.0.tgz",
      "integrity": "sha512-QVb0dM5HvG+uaxitm8wONl7jltx8dqhfU33DcqtOZcLSVIKSDDLDi7+0LbAKiyI8hD9u42m2YxXSkMGWThaecQ=="
    },
    "co-prompt": {
      "version": "1.0.0",
      "resolved": "https://registry.npmjs.org/co-prompt/-/co-prompt-1.0.0.tgz",
      "integrity": "sha512-uKmEbjDnL9SJTb+TNfIFsATe1F3IsNsR7KDGUG1hq7ColkMV0MSn7dg3eKVS+3wwtyvVqrgfIwi39NOJiknO7Q==",
      "requires": {
        "keypress": "~0.2.1"
      }
    },
    "colors": {
      "version": "1.0.3",
      "resolved": "https://registry.npmjs.org/colors/-/colors-1.0.3.tgz",
      "integrity": "sha512-pFGrxThWcWQ2MsAz6RtgeWe4NK2kUE1WfsrvvlctdII745EW9I0yflqhe7++M5LEc7bV2c/9/5zc8sFcpL0Drw=="
    },
    "commander": {
      "version": "2.20.3",
      "resolved": "https://registry.npmjs.org/commander/-/commander-2.20.3.tgz",
      "integrity": "sha512-GpVkmM8vF2vQUkj2LvZmD35JxeJOLCwJ9cUkugyk2nuhbv3+mJvpLYYt+0+USMxE+oj+ey/lJEnhZw75x/OMcQ=="
    },
    "crypto-js": {
      "version": "3.3.0",
      "resolved": "https://registry.npmjs.org/crypto-js/-/crypto-js-3.3.0.tgz",
      "integrity": "sha512-DIT51nX0dCfKltpRiXV+/TVZq+Qq2NgF4644+K7Ttnla7zEzqc+kjJyiB96BHNyUTBxyjzRcZYpUdZa+QAqi6Q=="
    },
    "cycle": {
      "version": "1.0.3",
      "resolved": "https://registry.npmjs.org/cycle/-/cycle-1.0.3.tgz",
      "integrity": "sha512-TVF6svNzeQCOpjCqsy0/CSy8VgObG3wXusJ73xW2GbG5rGx7lC8zxDSURicsXI2UsGdi2L0QNRCi745/wUDvsA=="
    },
    "dateformat": {
      "version": "2.2.0",
      "resolved": "https://registry.npmjs.org/dateformat/-/dateformat-2.2.0.tgz",
      "integrity": "sha512-GODcnWq3YGoTnygPfi02ygEiRxqUxpJwuRHjdhJYuxpcZmDq4rjBiXYmbCCzStxo176ixfLT6i4NPwQooRySnw=="
    },
    "eyes": {
      "version": "0.1.8",
      "resolved": "https://registry.npmjs.org/eyes/-/eyes-0.1.8.tgz",
      "integrity": "sha512-GipyPsXO1anza0AOZdy69Im7hGFCNB7Y/NGjDlZGJ3GJJLtwNSb2vrzYrTYJRrRloVx7pl+bhUaTB8yiccPvFQ=="
    },
    "fs": {
      "version": "0.0.1-security",
      "resolved": "https://registry.npmjs.org/fs/-/fs-0.0.1-security.tgz",
      "integrity": "sha512-3XY9e1pP0CVEUCdj5BmfIZxRBTSDycnbqhIOGec9QYtmVH2fbLpj86CFWkrNOkt/Fvty4KZG5lTglL9j/gJ87w=="
    },
    "isstream": {
      "version": "0.1.2",
      "resolved": "https://registry.npmjs.org/isstream/-/isstream-0.1.2.tgz",
      "integrity": "sha512-Yljz7ffyPbrLpLngrMtZ7NduUgVvi6wG9RJ9IUcyCd59YQ911PBJphODUcbOVbqYfxe1wuYf/LJ8PauMRwsM/g=="
    },
    "js-sha3": {
      "version": "0.9.3",
      "resolved": "https://registry.npmjs.org/js-sha3/-/js-sha3-0.9.3.tgz",
      "integrity": "sha512-BcJPCQeLg6WjEx3FE591wVAevlli8lxsxm9/FzV4HXkV49TmBH38Yvrpce6fjbADGMKFrBMGTqrVz3qPIZ88Gg=="
    },
    "keypress": {
      "version": "0.2.1",
      "resolved": "https://registry.npmjs.org/keypress/-/keypress-0.2.1.tgz",
      "integrity": "sha512-HjorDJFNhnM4SicvaUXac0X77NiskggxJdesG72+O5zBKpSqKFCrqmndKVqpu3pFqkla0St6uGk8Ju0sCurrmg=="
    },
    "left-pad": {
      "version": "1.3.0",
      "resolved": "https://registry.npmjs.org/left-pad/-/left-pad-1.3.0.tgz",
      "integrity": "sha512-XI5MPzVNApjAyhQzphX8BkmKsKUxD4LdyK24iZeQGinBN9yTQT3bFlCBy/aVx2HrNcqQGsdot8ghrjyrvMCoEA=="
    },
    "lodash": {
      "version": "4.17.21",
      "resolved": "https://registry.npmjs.org/lodash/-/lodash-4.17.21.tgz",
      "integrity": "sha512-v2kDEe57lecTulaDIuNTPy3Ry4gLGJ6Z1O3vE1krgXZNrsQ+LFTGHVxVjcXPs17LhbZVGedAJv8XZ1tvj5FvSg=="
    },
    "optimist": {
      "version": "0.3.7",
      "resolved": "https://registry.npmjs.org/optimist/-/optimist-0.3.7.tgz",
      "integrity": "sha512-TCx0dXQzVtSCg2OgY/bO9hjM9cV4XYx09TVK+s3+FhkjT6LovsLe+pPMzpWf+6yXK/hUizs2gUoTw3jHM0VaTQ==",
      "requires": {
        "wordwrap": "~0.0.2"
      }
    },
    "require": {
      "version": "2.4.20",
      "resolved": "https://registry.npmjs.org/require/-/require-2.4.20.tgz",
      "integrity": "sha512-7eop5rvh38qhQQQOoUyf68meVIcxT2yFySNywTbxoEECgkX4KDqqDRaEszfvFnuB3fuZVjDdJZ1TI/Esr16RRA==",
      "requires": {
        "std": "0.1.40",
        "uglify-js": "2.3.0"
      }
    },
    "source-map": {
      "version": "0.1.43",
      "resolved": "https://registry.npmjs.org/source-map/-/source-map-0.1.43.tgz",
      "integrity": "sha512-VtCvB9SIQhk3aF6h+N85EaqIaBFIAfZ9Cu+NJHHVvc8BbEcnvDcFw6sqQ2dQrT6SlOrZq3tIvyD9+EGq/lJryQ==",
      "requires": {
        "amdefine": ">=0.0.4"
      }
    },
    "stack-trace": {
      "version": "0.0.10",
      "resolved": "https://registry.npmjs.org/stack-trace/-/stack-trace-0.0.10.tgz",
      "integrity": "sha512-KGzahc7puUKkzyMt+IqAep+TVNbKP+k2Lmwhub39m1AsTSkaDutx56aDCo+HLDzf/D26BIHTJWNiTG1KAJiQCg=="
    },
    "std": {
      "version": "0.1.40",
      "resolved": "https://registry.npmjs.org/std/-/std-0.1.40.tgz",
      "integrity": "sha512-wUf57hkDGCoVShrhPA8Q7lAg2Qosk+FaMlECmAsr1A4/rL2NRXFHQGBcgMUFKVkPEemJFW9gzjCQisRty14ohg=="
    },
    "uglify-js": {
      "version": "2.3.0",
      "resolved": "https://registry.npmjs.org/uglify-js/-/uglify-js-2.3.0.tgz",
      "integrity": "sha512-AQvbxRKdaQeYADywQaao0k8Tj+7NGEVTne6xwgX1yQpv/G8b0CKdIw70HkCptwfvNGDsVe+0Bng3U9hfWbxxfg==",
      "requires": {
        "async": "~0.2.6",
        "optimist": "~0.3.5",
        "source-map": "~0.1.7"
      }
    },
    "utf8": {
      "version": "2.1.2",
      "resolved": "https://registry.npmjs.org/utf8/-/utf8-2.1.2.tgz",
      "integrity": "sha512-QXo+O/QkLP/x1nyi54uQiG0XrODxdysuQvE5dtVqv7F5K2Qb6FsN+qbr6KhF5wQ20tfcV3VQp0/2x1e1MRSPWg=="
    },
    "web3": {
      "version": "0.17.0-beta",
      "resolved": "https://registry.npmjs.org/web3/-/web3-0.17.0-beta.tgz",
      "integrity": "sha512-uMpTZm6c3CKjc+vMHqt2s0d7PXj71yQ5cNqEgETp9kEr9rKtUDgvYIH2j8xOT92txw5iYdgTVra3+eRyKUbZUg==",
      "requires": {
        "bignumber.js": "git+https://github.com/debris/bignumber.js.git#94d7146671b9719e00a09c29b01a691bc85048c2",
        "crypto-js": "^3.1.4",
        "utf8": "^2.1.1",
        "xmlhttprequest": "*"
      }
    },
    "winston": {
      "version": "2.4.7",
      "resolved": "https://registry.npmjs.org/winston/-/winston-2.4.7.tgz",
      "integrity": "sha512-vLB4BqzCKDnnZH9PHGoS2ycawueX4HLqENXQitvFHczhgW2vFpSOn31LZtVr1KU8YTw7DS4tM+cqyovxo8taVg==",
      "requires": {
        "async": "^2.6.4",
        "colors": "1.0.x",
        "cycle": "1.0.x",
        "eyes": "0.1.x",
        "isstream": "0.1.x",
        "stack-trace": "0.0.x"
      },
      "dependencies": {
        "async": {
          "version": "2.6.4",
          "resolved": "https://registry.npmjs.org/async/-/async-2.6.4.tgz",
          "integrity": "sha512-mzo5dfJYwAn29PeiJ0zvwTo04zj8HDJj0Mn8TD7sno7q12prdbnasKJHhkm2c1LgrhlJ0teaea8860oxi51mGA==",
          "requires": {
            "lodash": "^4.17.14"
          }
        }
      }
    },
    "wordwrap": {
      "version": "0.0.3",
      "resolved": "https://registry.npmjs.org/wordwrap/-/wordwrap-0.0.3.tgz",
      "integrity": "sha512-1tMA907+V4QmxV7dbRvb4/8MaRALK6q9Abid3ndMYnbyo8piisCmeONVqVSXqQA3KaP4SLt5b7ud6E2sqP8TFw=="
    },
    "xmlhttprequest": {
      "version": "1.8.0",
      "resolved": "https://registry.npmjs.org/xmlhttprequest/-/xmlhttprequest-1.8.0.tgz",
      "integrity": "sha512-58Im/U0mlVBLM38NdZjHyhuMtCqa61469k2YP/AaPbvCoV9aQGUpbJBj1QRm2ytRiVQBD/fsw7L2bJGDVQswBA=="
    }
  }
}
